
Microsoft Visual Studio Solution File, Format Version 12.00
# Visual Studio Version 17
VisualStudioVersion = 17.5.33516.290
MinimumVisualStudioVersion = 10.0.40219.1
Project("{FAE04EC0-301F-11D3-BF4B-00C04F79EFBC}") = "RPS_Client", "RPS_TCP\RPS_Client.csproj", "{67AAA4BA-33C5-4252-82C9-11299D1850CF}"
EndProject
Project("{FAE04EC0-301F-11D3-BF4B-00C04F79EFBC}") = "RPS_Listener", "RPS_Listener\RPS_Listener.csproj", "{15659466-1C90-4806-972C-F8027B50DF97}"
EndProject
Global
	GlobalSection(SolutionConfigurationPlatforms) = preSolution
		Debug|Any CPU = Debug|Any CPU
		Release|Any CPU = Release|Any CPU
	EndGlobalSection
	GlobalSection(ProjectConfigurationPlatforms) = postSolution
		{67AAA4BA-33C5-4252-82C9-11299D1850CF}.Debug|Any CPU.ActiveCfg = Debug|Any CPU
		{67AAA4BA-33C5-4252-82C9-11299D1850CF}.Debug|Any CPU.Build.0 = Debug|Any CPU
		{67AAA4BA-33C5-4252-82C9-11299D1850CF}.Release|Any CPU.ActiveCfg = Release|Any CPU
		{67AAA4BA-33C5-4252-82C9-11299D1850CF}.Release|Any CPU.Build.0 = Release|Any CPU
		{15659466-1C90-4806-972C-F8027B50DF97}.Debug|Any CPU.ActiveCfg = Debug|Any CPU
		{15659466-1C90-4806-972C-F8027B50DF97}.Debug|Any CPU.Build.0 = Debug|Any CPU
		{15659466-1C90-4806-972C-F8027B50DF97}.Release|Any CPU.ActiveCfg = Release|Any CPU
		{15659466-1C90-4806-972C-F8027B50DF97}.Release|Any CPU.Build.0 = Release|Any CPU
	EndGlobalSection
	GlobalSection(SolutionProperties) = preSolution
		HideSolutionNode = FALSE
	EndGlobalSection
	GlobalSection(ExtensibilityGlobals) = postSolution
		SolutionGuid = {6E3E153D-737B-4B43-9247-64A270D09E4D}
	EndGlobalSection
EndGlobal
